Microsoft Visual Studio Solution File, Format Version 12.00
# Visual Studio Version 16
VisualStudioVersion = 16.0.32802.440
MinimumVisualStudioVersion = 10.0.40219.1
Project("{9A19103F-16F7-4668-BE54-9A1E7A4F7556}") = "HttpClientSample", "EfficientApiCalls\HttpClientSample.csproj", "{630EAB9D-4AD1-479B-9D7E-F837521C1652}"
EndProject
Global
	GlobalSection(SolutionConfigurationPlatforms) = preSolution
		Debug|Any CPU = Debug|Any CPU
		Release|Any CPU = Release|Any CPU
	EndGlobalSection
	GlobalSection(ProjectConfigurationPlatforms) = postSolution
		{630EAB9D-4AD1-479B-9D7E-F837521C1652}.Debug|Any CPU.ActiveCfg = Debug|Any CPU
		{630EAB9D-4AD1-479B-9D7E-F837521C1652}.Debug|Any CPU.Build.0 = Debug|Any CPU
		{630EAB9D-4AD1-479B-9D7E-F837521C1652}.Release|Any CPU.ActiveCfg = Release|Any CPU
		{630EAB9D-4AD1-479B-9D7E-F837521C1652}.Release|Any CPU.Build.0 = Release|Any CPU
	EndGlobalSection
	GlobalSection(SolutionProperties) = preSolution
		HideSolutionNode = FALSE
	EndGlobalSection
	GlobalSection(ExtensibilityGlobals) = postSolution
		SolutionGuid = {792F63ED-BA84-4F8A-8859-65550DE90D67}
	EndGlobalSection
EndGlobal
